{"1.2.0",
[{<<"epgsql">>,{pkg,<<"epgsql">>,<<"4.8.0">>},0},
 {<<"pooler">>,{pkg,<<"pooler">>,<<"1.6.0">>},0},
 {<<"roadrunner">>,
  {git,"https://github.com/arizona-framework/roadrunner.git",
       {ref,"8a29f30b91552bcfe7a6d56d3562700c5bd6cd6b"}},
  0},
 {<<"telemetry">>,
  {git,"https://github.com/beam-telemetry/telemetry.git",
       {ref,"11462db509623be85c7acf3f15d0579d0d3f4a79"}},
  1}]}.
[
{pkg_hash,[
 {<<"epgsql">>, <<"C491B141B8C37BCE7B67F2079F168F339BB374A7CF9A286CB3B40AD1CD3FABE5">>},
 {<<"pooler">>, <<"F4F33C94AB3AB82565A2E31CEA9EFE4149A160651F3707A0A2669BC54AAF81C8">>}]},
{pkg_hash_ext,[
 {<<"epgsql">>, <<"00E550006A62FB439FC7E879419443C889C34605E9B9DC406029D8BAA1AD79D8">>},
 {<<"pooler">>, <<"748C988FD2928DE9577C882A49621863CAB57809E3E1A88A14C9D3B55C6AB877">>}]}
].
